
Microsoft Visual Studio Solution File, Format Version 12.00
Project("{2150E333-8FDC-42A3-9474-1A3956D46DE8}") = "Modules", "Modules", "{F5B12678-E67A-4BEE-9DB4-BD40AED2FF05}"
EndProject
Project("{2150E333-8FDC-42A3-9474-1A3956D46DE8}") = "Templates", "Templates", "{C84C0F0B-2863-42D1-927C-D500BBDE2FC2}"
EndProject
Project("{FAE04EC0-301F-11D3-BF4B-00C04F79EFBC}") = "Parnian.Blazor.Ui", "Modules\Src\Parnian.Blazor.Ui\Parnian.Blazor.Ui.csproj", "{EBB9B2FA-B7EC-436C-AAA1-139138FDAA66}"
EndProject
Project("{FAE04EC0-301F-11D3-BF4B-00C04F79EFBC}") = "Parnian.Template.Blazor", "Parnian.Template.Blazor\Parnian.Template.Blazor.csproj", "{E7021391-9BE3-45B2-9106-45B0F4D75F09}"
EndProject
Project("{2150E333-8FDC-42A3-9474-1A3956D46DE8}") = "Tests", "Tests", "{983F6337-7918-40A1-84D3-D1A6AB7CD504}"
EndProject
Project("{2150E333-8FDC-42A3-9474-1A3956D46DE8}") = "Src", "Src", "{2B5D7E79-557B-42BC-9BEA-1BE906DAE109}"
EndProject
Project("{FAE04EC0-301F-11D3-BF4B-00C04F79EFBC}") = "Parnian", "Modules\Src\Parnian\Parnian.csproj", "{7D5862C5-09F5-43B2-8AAA-DC98174016E1}"
EndProject
Project("{FAE04EC0-301F-11D3-BF4B-00C04F79EFBC}") = "Parnian.Test", "Modules\Tests\Parnian.Test\Parnian.Test.csproj", "{E4A3B681-CA85-4C0D-8C40-7CE2B6856834}"
EndProject
Global
	GlobalSection(SolutionConfigurationPlatforms) = preSolution
		Debug|Any CPU = Debug|Any CPU
		Release|Any CPU = Release|Any CPU
	EndGlobalSection
	GlobalSection(NestedProjects) = preSolution
		{E7021391-9BE3-45B2-9106-45B0F4D75F09} = {C84C0F0B-2863-42D1-927C-D500BBDE2FC2}
		{983F6337-7918-40A1-84D3-D1A6AB7CD504} = {F5B12678-E67A-4BEE-9DB4-BD40AED2FF05}
		{2B5D7E79-557B-42BC-9BEA-1BE906DAE109} = {F5B12678-E67A-4BEE-9DB4-BD40AED2FF05}
		{EBB9B2FA-B7EC-436C-AAA1-139138FDAA66} = {2B5D7E79-557B-42BC-9BEA-1BE906DAE109}
		{7D5862C5-09F5-43B2-8AAA-DC98174016E1} = {2B5D7E79-557B-42BC-9BEA-1BE906DAE109}
		{E4A3B681-CA85-4C0D-8C40-7CE2B6856834} = {983F6337-7918-40A1-84D3-D1A6AB7CD504}
	EndGlobalSection
	GlobalSection(ProjectConfigurationPlatforms) = postSolution
		{EBB9B2FA-B7EC-436C-AAA1-139138FDAA66}.Debug|Any CPU.ActiveCfg = Debug|Any CPU
		{EBB9B2FA-B7EC-436C-AAA1-139138FDAA66}.Debug|Any CPU.Build.0 = Debug|Any CPU
		{EBB9B2FA-B7EC-436C-AAA1-139138FDAA66}.Release|Any CPU.ActiveCfg = Release|Any CPU
		{EBB9B2FA-B7EC-436C-AAA1-139138FDAA66}.Release|Any CPU.Build.0 = Release|Any CPU
		{E7021391-9BE3-45B2-9106-45B0F4D75F09}.Debug|Any CPU.ActiveCfg = Debug|Any CPU
		{E7021391-9BE3-45B2-9106-45B0F4D75F09}.Debug|Any CPU.Build.0 = Debug|Any CPU
		{E7021391-9BE3-45B2-9106-45B0F4D75F09}.Release|Any CPU.ActiveCfg = Release|Any CPU
		{E7021391-9BE3-45B2-9106-45B0F4D75F09}.Release|Any CPU.Build.0 = Release|Any CPU
		{7D5862C5-09F5-43B2-8AAA-DC98174016E1}.Debug|Any CPU.ActiveCfg = Debug|Any CPU
		{7D5862C5-09F5-43B2-8AAA-DC98174016E1}.Debug|Any CPU.Build.0 = Debug|Any CPU
		{7D5862C5-09F5-43B2-8AAA-DC98174016E1}.Release|Any CPU.ActiveCfg = Release|Any CPU
		{7D5862C5-09F5-43B2-8AAA-DC98174016E1}.Release|Any CPU.Build.0 = Release|Any CPU
		{E4A3B681-CA85-4C0D-8C40-7CE2B6856834}.Debug|Any CPU.ActiveCfg = Debug|Any CPU
		{E4A3B681-CA85-4C0D-8C40-7CE2B6856834}.Debug|Any CPU.Build.0 = Debug|Any CPU
		{E4A3B681-CA85-4C0D-8C40-7CE2B6856834}.Release|Any CPU.ActiveCfg = Release|Any CPU
		{E4A3B681-CA85-4C0D-8C40-7CE2B6856834}.Release|Any CPU.Build.0 = Release|Any CPU
	EndGlobalSection
EndGlobal
